
Microsoft Visual Studio Solution File, Format Version 12.00
Project("{FAE04EC0-301F-11D3-BF4B-00C04F79EFBC}") = "NewsPortal.Domain", "NewsPortal.Domain\NewsPortal.Domain.csproj", "{8B95656D-A8F0-403C-BA4B-6363C5F2260D}"
EndProject
Project("{FAE04EC0-301F-11D3-BF4B-00C04F79EFBC}") = "NewsPortal.Application", "NewsPortal.Application\NewsPortal.Application.csproj", "{19DFFD40-D518-465D-A3E7-6FB626715A76}"
EndProject
Project("{FAE04EC0-301F-11D3-BF4B-00C04F79EFBC}") = "NewsPortal.Domain.Tests", "NewsPortal.Domain.Tests\NewsPortal.Domain.Tests.csproj", "{3859470E-6516-416A-8F00-9D73C4605676}"
EndProject
Project("{FAE04EC0-301F-11D3-BF4B-00C04F79EFBC}") = "NewsPortal.Infrastructure", "NewsPortal.Infrastructure\NewsPortal.Infrastructure.csproj", "{1F17CBB7-401F-442C-B16F-06138DFB2A8B}"
EndProject
Project("{FAE04EC0-301F-11D3-BF4B-00C04F79EFBC}") = "NewsPortal.Api", "NewsPortal.Api\NewsPortal.Api.csproj", "{908247BA-AB80-4081-A51C-FCCDEA1514C8}"
EndProject
Project("{2150E333-8FDC-42A3-9474-1A3956D46DE8}") = "Solution Items", "Solution Items", "{E392DC24-A845-454E-BD9B-4FA17230DC5B}"
	ProjectSection(SolutionItems) = preProject
		compose.yaml = compose.yaml
	EndProjectSection
EndProject
Global
	GlobalSection(SolutionConfigurationPlatforms) = preSolution
		Debug|Any CPU = Debug|Any CPU
		Release|Any CPU = Release|Any CPU
	EndGlobalSection
	GlobalSection(ProjectConfigurationPlatforms) = postSolution
		{8B95656D-A8F0-403C-BA4B-6363C5F2260D}.Debug|Any CPU.ActiveCfg = Debug|Any CPU
		{8B95656D-A8F0-403C-BA4B-6363C5F2260D}.Debug|Any CPU.Build.0 = Debug|Any CPU
		{8B95656D-A8F0-403C-BA4B-6363C5F2260D}.Release|Any CPU.ActiveCfg = Release|Any CPU
		{8B95656D-A8F0-403C-BA4B-6363C5F2260D}.Release|Any CPU.Build.0 = Release|Any CPU
		{19DFFD40-D518-465D-A3E7-6FB626715A76}.Debug|Any CPU.ActiveCfg = Debug|Any CPU
		{19DFFD40-D518-465D-A3E7-6FB626715A76}.Debug|Any CPU.Build.0 = Debug|Any CPU
		{19DFFD40-D518-465D-A3E7-6FB626715A76}.Release|Any CPU.ActiveCfg = Release|Any CPU
		{19DFFD40-D518-465D-A3E7-6FB626715A76}.Release|Any CPU.Build.0 = Release|Any CPU
		{3859470E-6516-416A-8F00-9D73C4605676}.Debug|Any CPU.ActiveCfg = Debug|Any CPU
		{3859470E-6516-416A-8F00-9D73C4605676}.Debug|Any CPU.Build.0 = Debug|Any CPU
		{3859470E-6516-416A-8F00-9D73C4605676}.Release|Any CPU.ActiveCfg = Release|Any CPU
		{3859470E-6516-416A-8F00-9D73C4605676}.Release|Any CPU.Build.0 = Release|Any CPU
		{1F17CBB7-401F-442C-B16F-06138DFB2A8B}.Debug|Any CPU.ActiveCfg = Debug|Any CPU
		{1F17CBB7-401F-442C-B16F-06138DFB2A8B}.Debug|Any CPU.Build.0 = Debug|Any CPU
		{1F17CBB7-401F-442C-B16F-06138DFB2A8B}.Release|Any CPU.ActiveCfg = Release|Any CPU
		{1F17CBB7-401F-442C-B16F-06138DFB2A8B}.Release|Any CPU.Build.0 = Release|Any CPU
		{908247BA-AB80-4081-A51C-FCCDEA1514C8}.Debug|Any CPU.ActiveCfg = Debug|Any CPU
		{908247BA-AB80-4081-A51C-FCCDEA1514C8}.Debug|Any CPU.Build.0 = Debug|Any CPU
		{908247BA-AB80-4081-A51C-FCCDEA1514C8}.Release|Any CPU.ActiveCfg = Release|Any CPU
		{908247BA-AB80-4081-A51C-FCCDEA1514C8}.Release|Any CPU.Build.0 = Release|Any CPU
	EndGlobalSection
EndGlobal
